
Microsoft Visual Studio Solution File, Format Version 12.00
# Visual Studio Version 17
VisualStudioVersion = 17.5.002.0
MinimumVisualStudioVersion = 10.0.40219.1
Project("{9A19103F-16F7-4668-BE54-9A1E7A4F7556}") = "PongClone", "PongClone.csproj", "{D64BD4E2-2CF4-4832-A8AA-43DFE0C8F3A5}"
EndProject
Global
	GlobalSection(SolutionConfigurationPlatforms) = preSolution
		Debug|Any CPU = Debug|Any CPU
		Release|Any CPU = Release|Any CPU
	EndGlobalSection
	GlobalSection(ProjectConfigurationPlatforms) = postSolution
		{D64BD4E2-2CF4-4832-A8AA-43DFE0C8F3A5}.Debug|Any CPU.ActiveCfg = Debug|Any CPU
		{D64BD4E2-2CF4-4832-A8AA-43DFE0C8F3A5}.Debug|Any CPU.Build.0 = Debug|Any CPU
		{D64BD4E2-2CF4-4832-A8AA-43DFE0C8F3A5}.Release|Any CPU.ActiveCfg = Release|Any CPU
		{D64BD4E2-2CF4-4832-A8AA-43DFE0C8F3A5}.Release|Any CPU.Build.0 = Release|Any CPU
	EndGlobalSection
	GlobalSection(SolutionProperties) = preSolution
		HideSolutionNode = FALSE
	EndGlobalSection
	GlobalSection(ExtensibilityGlobals) = postSolution
		SolutionGuid = {A73B829C-C10E-4C78-A0DC-B7C17BDD06EE}
	EndGlobalSection
EndGlobal
